
Microsoft Visual Studio Solution File, Format Version 11.00
# Visual Studio 2010
Project("{FAE04EC0-301F-11D3-BF4B-00C04F79EFBC}") = "MonitisAPIWrapper", "MonitisAPIWrapper\MonitisAPIWrapper.csproj", "{76D43A61-B5AD-4DB9-986B-6469EA0FB4D0}"
EndProject
Project("{FAE04EC0-301F-11D3-BF4B-00C04F79EFBC}") = "MonitisAPIWrapper.Test", "MonitisAPIWrapper.Test\MonitisAPIWrapper.Test.csproj", "{574E6BC7-23AB-4278-9348-49E086404B5B}"
EndProject
Global
	GlobalSection(SolutionConfigurationPlatforms) = preSolution
		Debug|Any CPU = Debug|Any CPU
		Release|Any CPU = Release|Any CPU
	EndGlobalSection
	GlobalSection(ProjectConfigurationPlatforms) = postSolution
		{76D43A61-B5AD-4DB9-986B-6469EA0FB4D0}.Debug|Any CPU.ActiveCfg = Debug|Any CPU
		{76D43A61-B5AD-4DB9-986B-6469EA0FB4D0}.Debug|Any CPU.Build.0 = Debug|Any CPU
		{76D43A61-B5AD-4DB9-986B-6469EA0FB4D0}.Release|Any CPU.ActiveCfg = Release|Any CPU
		{76D43A61-B5AD-4DB9-986B-6469EA0FB4D0}.Release|Any CPU.Build.0 = Release|Any CPU
		{574E6BC7-23AB-4278-9348-49E086404B5B}.Debug|Any CPU.ActiveCfg = Debug|Any CPU
		{574E6BC7-23AB-4278-9348-49E086404B5B}.Debug|Any CPU.Build.0 = Debug|Any CPU
		{574E6BC7-23AB-4278-9348-49E086404B5B}.Release|Any CPU.ActiveCfg = Release|Any CPU
		{574E6BC7-23AB-4278-9348-49E086404B5B}.Release|Any CPU.Build.0 = Release|Any CPU
	EndGlobalSection
	GlobalSection(SolutionProperties) = preSolution
		HideSolutionNode = FALSE
	EndGlobalSection
EndGlobal
